
Microsoft Visual Studio Solution File, Format Version 12.00
# Visual Studio Version 17
VisualStudioVersion = 17.7.34221.43
MinimumVisualStudioVersion = 10.0.40219.1
Project("{FAE04EC0-301F-11D3-BF4B-00C04F79EFBC}") = "NpmPackageInfo", "NpmPackageInfo\NpmPackageInfo.csproj", "{CEC0AF65-023A-4DB3-BF3E-0120540DBDE9}"
EndProject
Global
	GlobalSection(SolutionConfigurationPlatforms) = preSolution
		Debug|Any CPU = Debug|Any CPU
		Release|Any CPU = Release|Any CPU
	EndGlobalSection
	GlobalSection(ProjectConfigurationPlatforms) = postSolution
		{CEC0AF65-023A-4DB3-BF3E-0120540DBDE9}.Debug|Any CPU.ActiveCfg = Debug|Any CPU
		{CEC0AF65-023A-4DB3-BF3E-0120540DBDE9}.Debug|Any CPU.Build.0 = Debug|Any CPU
		{CEC0AF65-023A-4DB3-BF3E-0120540DBDE9}.Release|Any CPU.ActiveCfg = Release|Any CPU
		{CEC0AF65-023A-4DB3-BF3E-0120540DBDE9}.Release|Any CPU.Build.0 = Release|Any CPU
	EndGlobalSection
	GlobalSection(SolutionProperties) = preSolution
		HideSolutionNode = FALSE
	EndGlobalSection
	GlobalSection(ExtensibilityGlobals) = postSolution
		SolutionGuid = {B7DF8207-E817-45C0-951C-7BAF82FA23C0}
	EndGlobalSection
EndGlobal
